// !$*UTF8*$!
{
	archiveVersion = 1;
	classes = {
	};
	objectVersion = 50;
	objects = {

/* Begin PBXBuildFile section */
		7F33A31625129FF800E4BC3E /* AppDelegate.swift in Sources */ = {isa = PBXBuildFile; fileRef = 7F33A31525129FF800E4BC3E /* AppDelegate.swift */; };
		7F33A31825129FF800E4BC3E /* ViewController.swift in Sources */ = {isa = PBXBuildFile; fileRef = 7F33A31725129FF800E4BC3E /* ViewController.swift */; };
		7F33A31B25129FF800E4BC3E /* Main.storyboard in Resources */ = {isa = PBXBuildFile; fileRef = 7F33A31925129FF800E4BC3E /* Main.storyboard */; };
		7F33A31D25129FFE00E4BC3E /* Assets.xcassets in Resources */ = {isa = PBXBuildFile; fileRef = 7F33A31C25129FFE00E4BC3E /* Assets.xcassets */; };
		7F33A32025129FFE00E4BC3E /* LaunchScreen.storyboard in Resources */ = {isa = PBXBuildFile; fileRef = 7F33A31E25129FFE00E4BC3E /* LaunchScreen.storyboard */; };
		7F33A32B25129FFE00E4BC3E /* RouteFinderTests.swift in Sources */ = {isa = PBXBuildFile; fileRef = 7F33A32A25129FFE00E4BC3E /* RouteFinderTests.swift */; };
		7F33A33625129FFE00E4BC3E /* RouteFinderUITests.swift in Sources */ = {isa = PBXBuildFile; fileRef = 7F33A33525129FFE00E4BC3E /* RouteFinderUITests.swift */; };
/* End PBXBuildFile section */

/* Begin PBXContainerItemProxy section */
		7F33A32725129FFE00E4BC3E /* PBXContainerItemProxy */ = {
			isa = PBXContainerItemProxy;
			containerPortal = 7F33A30A25129FF800E4BC3E /* Project object */;
			proxyType = 1;
			remoteGlobalIDString = 7F33A31125129FF800E4BC3E;
			remoteInfo = RouteFinder;
		};
		7F33A33225129FFE00E4BC3E /* PBXContainerItemProxy */ = {
			isa = PBXContainerItemProxy;
			containerPortal = 7F33A30A25129FF800E4BC3E /* Project object */;
			proxyType = 1;
			remoteGlobalIDString = 7F33A31125129FF800E4BC3E;
			remoteInfo = RouteFinder;
		};
/* End PBXContainerItemProxy section */

/* Begin PBXFileReference section */
		7F33A31225129FF800E4BC3E /* RouteFinder.app */ = {isa = PBXFileReference; explicitFileType = wrapper.application; includeInIndex = 0; path = RouteFinder.app; sourceTree = BUILT_PRODUCTS_DIR; };
		7F33A31525129FF800E4BC3E /* AppDelegate.swift */ = {isa = PBXFileReference; lastKnownFileType = sourcecode.swift; path = AppDelegate.swift; sourceTree = "<group>"; };
		7F33A31725129FF800E4BC3E /* ViewController.swift */ = {isa = PBXFileReference; lastKnownFileType = sourcecode.swift; path = ViewController.swift; sourceTree = "<group>"; };
		7F33A31A25129FF800E4BC3E /* Base */ = {isa = PBXFileReference; lastKnownFileType = file.storyboard; name = Base; path = Base.lproj/Main.storyboard; sourceTree = "<group>"; };
		7F33A31C25129FFE00E4BC3E /* Assets.xcassets */ = {isa = PBXFileReference; lastKnownFileType = folder.assetcatalog; path = Assets.xcassets; sourceTree = "<group>"; };
		7F33A31F25129FFE00E4BC3E /* Base */ = {isa = PBXFileReference; lastKnownFileType = file.storyboard; name = Base; path = Base.lproj/LaunchScreen.storyboard; sourceTree = "<group>"; };
		7F33A32125129FFE00E4BC3E /* Info.plist */ = {isa = PBXFileReference; lastKnownFileType = text.plist.xml; path = Info.plist; sourceTree = "<group>"; };
		7F33A32625129FFE00E4BC3E /* RouteFinderTests.xctest */ = {isa = PBXFileReference; explicitFileType = wrapper.cfbundle; includeInIndex = 0; path = RouteFinderTests.xctest; sourceTree = BUILT_PRODUCTS_DIR; };
		7F33A32A25129FFE00E4BC3E /* RouteFinderTests.swift */ = {isa = PBXFileReference; lastKnownFileType = sourcecode.swift; path = RouteFinderTests.swift; sourceTree = "<group>"; };
		7F33A32C25129FFE00E4BC3E /* Info.plist */ = {isa = PBXFileReference; lastKnownFileType = text.plist.xml; path = Info.plist; sourceTree = "<group>"; };
		7F33A33125129FFE00E4BC3E /* RouteFinderUITests.xctest */ = {isa = PBXFileReference; explicitFileType = wrapper.cfbundle; includeInIndex = 0; path = RouteFinderUITests.xctest; sourceTree = BUILT_PRODUCTS_DIR; };
		7F33A33525129FFE00E4BC3E /* RouteFinderUITests.swift */ = {isa = PBXFileReference; lastKnownFileType = sourcecode.swift; path = RouteFinderUITests.swift; sourceTree = "<group>"; };
		7F33A33725129FFE00E4BC3E /* Info.plist */ = {isa = PBXFileReference; lastKnownFileType = text.plist.xml; path = Info.plist; sourceTree = "<group>"; };
/* End PBXFileReference section */

/* Begin PBXFrameworksBuildPhase section */
		7F33A30F25129FF800E4BC3E /* Frameworks */ = {
			isa = PBXFrameworksBuildPhase;
			buildActionMask = 2147483647;
			files = (
			);
			runOnlyForDeploymentPostprocessing = 0;
		};
		7F33A32325129FFE00E4BC3E /* Frameworks */ = {
			isa = PBXFrameworksBuildPhase;
			buildActionMask = 2147483647;
			files = (
			);
			runOnlyForDeploymentPostprocessing = 0;
		};
		7F33A32E25129FFE00E4BC3E /* Frameworks */ = {
			isa = PBXFrameworksBuildPhase;
			buildActionMask = 2147483647;
			files = (
			);
			runOnlyForDeploymentPostprocessing = 0;
		};
/* End PBXFrameworksBuildPhase section */

/* Begin PBXGroup section */
		7F33A30925129FF800E4BC3E = {
			isa = PBXGroup;
			children = (
				7F33A31425129FF800E4BC3E /* RouteFinder */,
				7F33A32925129FFE00E4BC3E /* RouteFinderTests */,
				7F33A33425129FFE00E4BC3E /* RouteFinderUITests */,
				7F33A31325129FF800E4BC3E /* Products */,
			);
			sourceTree = "<group>";
		};
		7F33A31325129FF800E4BC3E /* Products */ = {
			isa = PBXGroup;
			children = (
				7F33A31225129FF800E4BC3E /* RouteFinder.app */,
				7F33A32625129FFE00E4BC3E /* RouteFinderTests.xctest */,
				7F33A33125129FFE00E4BC3E /* RouteFinderUITests.xctest */,
			);
			name = Products;
			sourceTree = "<group>";
		};
		7F33A31425129FF800E4BC3E /* RouteFinder */ = {
			isa = PBXGroup;
			children = (
				7F33A31525129FF800E4BC3E /* AppDelegate.swift */,
				7F33A31725129FF800E4BC3E /* ViewController.swift */,
				7F33A31925129FF800E4BC3E /* Main.storyboard */,
				7F33A31C25129FFE00E4BC3E /* Assets.xcassets */,
				7F33A31E25129FFE00E4BC3E /* LaunchScreen.storyboard */,
				7F33A32125129FFE00E4BC3E /* Info.plist */,
			);
			path = RouteFinder;
			sourceTree = "<group>";
		};
		7F33A32925129FFE00E4BC3E /* RouteFinderTests */ = {
			isa = PBXGroup;
			children = (
				7F33A32A25129FFE00E4BC3E /* RouteFinderTests.swift */,
				7F33A32C25129FFE00E4BC3E /* Info.plist */,
			);
			path = RouteFinderTests;
			sourceTree = "<group>";
		};
		7F33A33425129FFE00E4BC3E /* RouteFinderUITests */ = {
			isa = PBXGroup;
			children = (
				7F33A33525129FFE00E4BC3E /* RouteFinderUITests.swift */,
				7F33A33725129FFE00E4BC3E /* Info.plist */,
			);
			path = RouteFinderUITests;
			sourceTree = "<group>";
		};
/* End PBXGroup section */

/* Begin PBXNativeTarget section */
		7F33A31125129FF800E4BC3E /* RouteFinder */ = {
			isa = PBXNativeTarget;
			buildConfigurationList = 7F33A33A25129FFE00E4BC3E /* Build configuration list for PBXNativeTarget "RouteFinder" */;
			buildPhases = (
				7F33A30E25129FF800E4BC3E /* Sources */,
				7F33A30F25129FF800E4BC3E /* Frameworks */,
				7F33A31025129FF800E4BC3E /* Resources */,
			);
			buildRules = (
			);
			dependencies = (
			);
			name = RouteFinder;
			productName = RouteFinder;
			productReference = 7F33A31225129FF800E4BC3E /* RouteFinder.app */;
			productType = "com.apple.product-type.application";
		};
		7F33A32525129FFE00E4BC3E /* RouteFinderTests */ = {
			isa = PBXNativeTarget;
			buildConfigurationList = 7F33A33D25129FFE00E4BC3E /* Build configuration list for PBXNativeTarget "RouteFinderTests" */;
			buildPhases = (
				7F33A32225129FFE00E4BC3E /* Sources */,
				7F33A32325129FFE00E4BC3E /* Frameworks */,
				7F33A32425129FFE00E4BC3E /* Resources */,
			);
			buildRules = (
			);
			dependencies = (
				7F33A32825129FFE00E4BC3E /* PBXTargetDependency */,
			);
			name = RouteFinderTests;
			productName = RouteFinderTests;
			productReference = 7F33A32625129FFE00E4BC3E /* RouteFinderTests.xctest */;
			productType = "com.apple.product-type.bundle.unit-test";
		};
		7F33A33025129FFE00E4BC3E /* RouteFinderUITests */ = {
			isa = PBXNativeTarget;
			buildConfigurationList = 7F33A34025129FFE00E4BC3E /* Build configuration list for PBXNativeTarget "RouteFinderUITests" */;
			buildPhases = (
				7F33A32D25129FFE00E4BC3E /* Sources */,
				7F33A32E25129FFE00E4BC3E /* Frameworks */,
				7F33A32F25129FFE00E4BC3E /* Resources */,
			);
			buildRules = (
			);
			dependencies = (
				7F33A33325129FFE00E4BC3E /* PBXTargetDependency */,
			);
			name = RouteFinderUITests;
			productName = RouteFinderUITests;
			productReference = 7F33A33125129FFE00E4BC3E /* RouteFinderUITests.xctest */;
			productType = "com.apple.product-type.bundle.ui-testing";
		};
/* End PBXNativeTarget section */

/* Begin PBXProject section */
		7F33A30A25129FF800E4BC3E /* Project object */ = {
			isa = PBXProject;
			attributes = {
				LastSwiftUpdateCheck = 1020;
				LastUpgradeCheck = 1020;
				ORGANIZATIONNAME = cpsc362;
				TargetAttributes = {
					7F33A31125129FF800E4BC3E = {
						CreatedOnToolsVersion = 10.2.1;
					};
					7F33A32525129FFE00E4BC3E = {
						CreatedOnToolsVersion = 10.2.1;
						TestTargetID = 7F33A31125129FF800E4BC3E;
					};
					7F33A33025129FFE00E4BC3E = {
						CreatedOnToolsVersion = 10.2.1;
						TestTargetID = 7F33A31125129FF800E4BC3E;
					};
				};
			};
			buildConfigurationList = 7F33A30D25129FF800E4BC3E /* Build configuration list for PBXProject "RouteFinder" */;
			compatibilityVersion = "Xcode 9.3";
			developmentRegion = en;
			hasScannedForEncodings = 0;
			knownRegions = (
				en,
				Base,
			);
			mainGroup = 7F33A30925129FF800E4BC3E;
			productRefGroup = 7F33A31325129FF800E4BC3E /* Products */;
			projectDirPath = "";
			projectRoot = "";
			targets = (
				7F33A31125129FF800E4BC3E /* RouteFinder */,
				7F33A32525129FFE00E4BC3E /* RouteFinderTests */,
				7F33A33025129FFE00E4BC3E /* RouteFinderUITests */,
			);
		};
/* End PBXProject section */

/* Begin PBXResourcesBuildPhase section */
		7F33A31025129FF800E4BC3E /* Resources */ = {
			isa = PBXResourcesBuildPhase;
			buildActionMask = 2147483647;
			files = (
				7F33A32025129FFE00E4BC3E /* LaunchScreen.storyboard in Resources */,
				7F33A31D25129FFE00E4BC3E /* Assets.xcassets in Resources */,
				7F33A31B25129FF800E4BC3E /* Main.storyboard in Resources */,
			);
			runOnlyForDeploymentPostprocessing = 0;
		};
		7F33A32425129FFE00E4BC3E /* Resources */ = {
			isa = PBXResourcesBuildPhase;
			buildActionMask = 2147483647;
			files = (
			);
			runOnlyForDeploymentPostprocessing = 0;
		};
		7F33A32F25129FFE00E4BC3E /* Resources */ = {
			isa = PBXResourcesBuildPhase;
			buildActionMask = 2147483647;
			files = (
			);
			runOnlyForDeploymentPostprocessing = 0;
		};
/* End PBXResourcesBuildPhase section */

/* Begin PBXSourcesBuildPhase section */
		7F33A30E25129FF800E4BC3E /* Sources */ = {
			isa = PBXSourcesBuildPhase;
			buildActionMask = 2147483647;
			files = (
				7F33A31825129FF800E4BC3E /* ViewController.swift in Sources */,
				7F33A31625129FF800E4BC3E /* AppDelegate.swift in Sources */,
			);
			runOnlyForDeploymentPostprocessing = 0;
		};
		7F33A32225129FFE00E4BC3E /* Sources */ = {
			isa = PBXSourcesBuildPhase;
			buildActionMask = 2147483647;
			files = (
				7F33A32B25129FFE00E4BC3E /* RouteFinderTests.swift in Sources */,
			);
			runOnlyForDeploymentPostprocessing = 0;
		};
		7F33A32D25129FFE00E4BC3E /* Sources */ = {
			isa = PBXSourcesBuildPhase;
			buildActionMask = 2147483647;
			files = (
				7F33A33625129FFE00E4BC3E /* RouteFinderUITests.swift in Sources */,
			);
			runOnlyForDeploymentPostprocessing = 0;
		};
/* End PBXSourcesBuildPhase section */

/* Begin PBXTargetDependency section */
		7F33A32825129FFE00E4BC3E /* PBXTargetDependency */ = {
			isa = PBXTargetDependency;
			target = 7F33A31125129FF800E4BC3E /* RouteFinder */;
			targetProxy = 7F33A32725129FFE00E4BC3E /* PBXContainerItemProxy */;
		};
		7F33A33325129FFE00E4BC3E /* PBXTargetDependency */ = {
			isa = PBXTargetDependency;
			target = 7F33A31125129FF800E4BC3E /* RouteFinder */;
			targetProxy = 7F33A33225129FFE00E4BC3E /* PBXContainerItemProxy */;
		};
/* End PBXTargetDependency section */

/* Begin PBXVariantGroup section */
		7F33A31925129FF800E4BC3E /* Main.storyboard */ = {
			isa = PBXVariantGroup;
			children = (
				7F33A31A25129FF800E4BC3E /* Base */,
			);
			name = Main.storyboard;
			sourceTree = "<group>";
		};
		7F33A31E25129FFE00E4BC3E /* LaunchScreen.storyboard */ = {
			isa = PBXVariantGroup;
			children = (
				7F33A31F25129FFE00E4BC3E /* Base */,
			);
			name = LaunchScreen.storyboard;
			sourceTree = "<group>";
		};
/* End PBXVariantGroup section */

/* Begin XCBuildConfiguration section */
		7F33A33825129FFE00E4BC3E /* Debug */ = {
			isa = XCBuildConfiguration;
			buildSettings = {
				ALWAYS_SEARCH_USER_PATHS = NO;
				CLANG_ANALYZER_NONNULL = YES;
				CLANG_ANALYZER_NUMBER_OBJECT_CONVERSION = YES_AGGRESSIVE;
				CLANG_CXX_LANGUAGE_STANDARD = "gnu++14";
				CLANG_CXX_LIBRARY = "libc++";
				CLANG_ENABLE_MODULES = YES;
				CLANG_ENABLE_OBJC_ARC = YES;
				CLANG_ENABLE_OBJC_WEAK = YES;
				CLANG_WARN_BLOCK_CAPTURE_AUTORELEASING = YES;
				CLANG_WARN_BOOL_CONVERSION = YES;
				CLANG_WARN_COMMA = YES;
				CLANG_WARN_CONSTANT_CONVERSION = YES;
				CLANG_WARN_DEPRECATED_OBJC_IMPLEMENTATIONS = YES;
				CLANG_WARN_DIRECT_OBJC_ISA_USAGE = YES_ERROR;
				CLANG_WARN_DOCUMENTATION_COMMENTS = YES;
				CLANG_WARN_EMPTY_BODY = YES;
				CLANG_WARN_ENUM_CONVERSION = YES;
				CLANG_WARN_INFINITE_RECURSION = YES;
				CLANG_WARN_INT_CONVERSION = YES;
				CLANG_WARN_NON_LITERAL_NULL_CONVERSION = YES;
				CLANG_WARN_OBJC_IMPLICIT_RETAIN_SELF = YES;
				CLANG_WARN_OBJC_LITERAL_CONVERSION = YES;
				CLANG_WARN_OBJC_ROOT_CLASS = YES_ERROR;
				CLANG_WARN_RANGE_LOOP_ANALYSIS = YES;
				CLANG_WARN_STRICT_PROTOTYPES = YES;
				CLANG_WARN_SUSPICIOUS_MOVE = YES;
				CLANG_WARN_UNGUARDED_AVAILABILITY = YES_AGGRESSIVE;
				CLANG_WARN_UNREACHABLE_CODE = YES;
				CLANG_WARN__DUPLICATE_METHOD_MATCH = YES;
				CODE_SIGN_IDENTITY = "iPhone Developer";
				COPY_PHASE_STRIP = NO;
				DEBUG_INFORMATION_FORMAT = dwarf;
				ENABLE_STRICT_OBJC_MSGSEND = YES;
				ENABLE_TESTABILITY = YES;
				GCC_C_LANGUAGE_STANDARD = gnu11;
				GCC_DYNAMIC_NO_PIC = NO;
				GCC_NO_COMMON_BLOCKS = YES;
				GCC_OPTIMIZATION_LEVEL = 0;
				GCC_PREPROCESSOR_DEFINITIONS = (
					"DEBUG=1",
					"$(inherited)",
				);
				GCC_WARN_64_TO_32_BIT_CONVERSION = YES;
				GCC_WARN_ABOUT_RETURN_TYPE = YES_ERROR;
				GCC_WARN_UNDECLARED_SELECTOR = YES;
				GCC_WARN_UNINITIALIZED_AUTOS = YES_AGGRESSIVE;
				GCC_WARN_UNUSED_FUNCTION = YES;
				GCC_WARN_UNUSED_VARIABLE = YES;
				IPHONEOS_DEPLOYMENT_TARGET = 12.2;
				MTL_ENABLE_DEBUG_INFO = INCLUDE_SOURCE;
				MTL_FAST_MATH = YES;
				ONLY_ACTIVE_ARCH = YES;
				SDKROOT = iphoneos;
				SWIFT_ACTIVE_COMPILATION_CONDITIONS = DEBUG;
				SWIFT_OPTIMIZATION_LEVEL = "-Onone";
			};
			name = Debug;
		};
		7F33A33925129FFE00E4BC3E /* Release */ = {
			isa = XCBuildConfiguration;
			buildSettings = {
				ALWAYS_SEARCH_USER_PATHS = NO;
				CLANG_ANALYZER_NONNULL = YES;
				CLANG_ANALYZER_NUMBER_OBJECT_CONVERSION = YES_AGGRESSIVE;
				CLANG_CXX_LANGUAGE_STANDARD = "gnu++14";
				CLANG_CXX_LIBRARY = "libc++";
				CLANG_ENABLE_MODULES = YES;
				CLANG_ENABLE_OBJC_ARC = YES;
				CLANG_ENABLE_OBJC_WEAK = YES;
				CLANG_WARN_BLOCK_CAPTURE_AUTORELEASING = YES;
				CLANG_WARN_BOOL_CONVERSION = YES;
				CLANG_WARN_COMMA = YES;
				CLANG_WARN_CONSTANT_CONVERSION = YES;
				CLANG_WARN_DEPRECATED_OBJC_IMPLEMENTATIONS = YES;
				CLANG_WARN_DIRECT_OBJC_ISA_USAGE = YES_ERROR;
				CLANG_WARN_DOCUMENTATION_COMMENTS = YES;
				CLANG_WARN_EMPTY_BODY = YES;
				CLANG_WARN_ENUM_CONVERSION = YES;
				CLANG_WARN_INFINITE_RECURSION = YES;
				CLANG_WARN_INT_CONVERSION = YES;
				CLANG_WARN_NON_LITERAL_NULL_CONVERSION = YES;
				CLANG_WARN_OBJC_IMPLICIT_RETAIN_SELF = YES;
				CLANG_WARN_OBJC_LITERAL_CONVERSION = YES;
				CLANG_WARN_OBJC_ROOT_CLASS = YES_ERROR;
				CLANG_WARN_RANGE_LOOP_ANALYSIS = YES;
				CLANG_WARN_STRICT_PROTOTYPES = YES;
				CLANG_WARN_SUSPICIOUS_MOVE = YES;
				CLANG_WARN_UNGUARDED_AVAILABILITY = YES_AGGRESSIVE;
				CLANG_WARN_UNREACHABLE_CODE = YES;
				CLANG_WARN__DUPLICATE_METHOD_MATCH = YES;
				CODE_SIGN_IDENTITY = "iPhone Developer";
				COPY_PHASE_STRIP = NO;
				DEBUG_INFORMATION_FORMAT = "dwarf-with-dsym";
				ENABLE_NS_ASSERTIONS = NO;
				ENABLE_STRICT_OBJC_MSGSEND = YES;
				GCC_C_LANGUAGE_STANDARD = gnu11;
				GCC_NO_COMMON_BLOCKS = YES;
				GCC_WARN_64_TO_32_BIT_CONVERSION = YES;
				GCC_WARN_ABOUT_RETURN_TYPE = YES_ERROR;
				GCC_WARN_UNDECLARED_SELECTOR = YES;
				GCC_WARN_UNINITIALIZED_AUTOS = YES_AGGRESSIVE;
				GCC_WARN_UNUSED_FUNCTION = YES;
				GCC_WARN_UNUSED_VARIABLE = YES;
				IPHONEOS_DEPLOYMENT_TARGET = 12.2;
				MTL_ENABLE_DEBUG_INFO = NO;
				MTL_FAST_MATH = YES;
				SDKROOT = iphoneos;
				SWIFT_COMPILATION_MODE = wholemodule;
				SWIFT_OPTIMIZATION_LEVEL = "-O";
				VALIDATE_PRODUCT = YES;
			};
			name = Release;
		};
		7F33A33B25129FFE00E4BC3E /* Debug */ = {
			isa = XCBuildConfiguration;
			buildSettings = {
				ASSETCATALOG_COMPILER_APPICON_NAME = AppIcon;
				CODE_SIGN_STYLE = Automatic;
				DEVELOPMENT_TEAM = 6K9FF9W3XZ;
				INFOPLIST_FILE = RouteFinder/Info.plist;
				LD_RUNPATH_SEARCH_PATHS = (
					"$(inherited)",
					"@executable_path/Frameworks",
				);
				PRODUCT_BUNDLE_IDENTIFIER = com.example.RouteFinder;
				PRODUCT_NAME = "$(TARGET_NAME)";
				SWIFT_VERSION = 5.0;
				TARGETED_DEVICE_FAMILY = "1,2";
			};
			name = Debug;
		};
		7F33A33C25129FFE00E4BC3E /* Release */ = {
			isa = XCBuildConfiguration;
			buildSettings = {
				ASSETCATALOG_COMPILER_APPICON_NAME = AppIcon;
				CODE_SIGN_STYLE = Automatic;
				DEVELOPMENT_TEAM = 6K9FF9W3XZ;
				INFOPLIST_FILE = RouteFinder/Info.plist;
				LD_RUNPATH_SEARCH_PATHS = (
					"$(inherited)",
					"@executable_path/Frameworks",
				);
				PRODUCT_BUNDLE_IDENTIFIER = com.example.RouteFinder;
				PRODUCT_NAME = "$(TARGET_NAME)";
				SWIFT_VERSION = 5.0;
				TARGETED_DEVICE_FAMILY = "1,2";
			};
			name = Release;
		};
		7F33A33E25129FFE00E4BC3E /* Debug */ = {
			isa = XCBuildConfiguration;
			buildSettings = {
				ALWAYS_EMBED_SWIFT_STANDARD_LIBRARIES = YES;
				BUNDLE_LOADER = "$(TEST_HOST)";
				CODE_SIGN_STYLE = Automatic;
				INFOPLIST_FILE = RouteFinderTests/Info.plist;
				LD_RUNPATH_SEARCH_PATHS = (
					"$(inherited)",
					"@executable_path/Frameworks",
					"@loader_path/Frameworks",
				);
				PRODUCT_BUNDLE_IDENTIFIER = com.example.RouteFinderTests;
				PRODUCT_NAME = "$(TARGET_NAME)";
				SWIFT_VERSION = 5.0;
				TARGETED_DEVICE_FAMILY = "1,2";
				TEST_HOST = "$(BUILT_PRODUCTS_DIR)/RouteFinder.app/RouteFinder";
			};
			name = Debug;
		};
		7F33A33F25129FFE00E4BC3E /* Release */ = {
			isa = XCBuildConfiguration;
			buildSettings = {
				ALWAYS_EMBED_SWIFT_STANDARD_LIBRARIES = YES;
				BUNDLE_LOADER = "$(TEST_HOST)";
				CODE_SIGN_STYLE = Automatic;
				INFOPLIST_FILE = RouteFinderTests/Info.plist;
				LD_RUNPATH_SEARCH_PATHS = (
					"$(inherited)",
					"@executable_path/Frameworks",
					"@loader_path/Frameworks",
				);
				PRODUCT_BUNDLE_IDENTIFIER = com.example.RouteFinderTests;
				PRODUCT_NAME = "$(TARGET_NAME)";
				SWIFT_VERSION = 5.0;
				TARGETED_DEVICE_FAMILY = "1,2";
				TEST_HOST = "$(BUILT_PRODUCTS_DIR)/RouteFinder.app/RouteFinder";
			};
			name = Release;
		};
		7F33A34125129FFE00E4BC3E /* Debug */ = {
			isa = XCBuildConfiguration;
			buildSettings = {
				ALWAYS_EMBED_SWIFT_STANDARD_LIBRARIES = YES;
				CODE_SIGN_STYLE = Automatic;
				INFOPLIST_FILE = RouteFinderUITests/Info.plist;
				LD_RUNPATH_SEARCH_PATHS = (
					"$(inherited)",
					"@executable_path/Frameworks",
					"@loader_path/Frameworks",
				);
				PRODUCT_BUNDLE_IDENTIFIER = com.example.RouteFinderUITests;
				PRODUCT_NAME = "$(TARGET_NAME)";
				SWIFT_VERSION = 5.0;
				TARGETED_DEVICE_FAMILY = "1,2";
				TEST_TARGET_NAME = RouteFinder;
			};
			name = Debug;
		};
		7F33A34225129FFE00E4BC3E /* Release */ = {
			isa = XCBuildConfiguration;
			buildSettings = {
				ALWAYS_EMBED_SWIFT_STANDARD_LIBRARIES = YES;
				CODE_SIGN_STYLE = Automatic;
				INFOPLIST_FILE = RouteFinderUITests/Info.plist;
				LD_RUNPATH_SEARCH_PATHS = (
					"$(inherited)",
					"@executable_path/Frameworks",
					"@loader_path/Frameworks",
				);
				PRODUCT_BUNDLE_IDENTIFIER = com.example.RouteFinderUITests;
				PRODUCT_NAME = "$(TARGET_NAME)";
				SWIFT_VERSION = 5.0;
				TARGETED_DEVICE_FAMILY = "1,2";
				TEST_TARGET_NAME = RouteFinder;
			};
			name = Release;
		};
/* End XCBuildConfiguration section */

/* Begin XCConfigurationList section */
		7F33A30D25129FF800E4BC3E /* Build configuration list for PBXProject "RouteFinder" */ = {
			isa = XCConfigurationList;
			buildConfigurations = (
				7F33A33825129FFE00E4BC3E /* Debug */,
				7F33A33925129FFE00E4BC3E /* Release */,
			);
			defaultConfigurationIsVisible = 0;
			defaultConfigurationName = Release;
		};
		7F33A33A25129FFE00E4BC3E /* Build configuration list for PBXNativeTarget "RouteFinder" */ = {
			isa = XCConfigurationList;
			buildConfigurations = (
				7F33A33B25129FFE00E4BC3E /* Debug */,
				7F33A33C25129FFE00E4BC3E /* Release */,
			);
			defaultConfigurationIsVisible = 0;
			defaultConfigurationName = Release;
		};
		7F33A33D25129FFE00E4BC3E /* Build configuration list for PBXNativeTarget "RouteFinderTests" */ = {
			isa = XCConfigurationList;
			buildConfigurations = (
				7F33A33E25129FFE00E4BC3E /* Debug */,
				7F33A33F25129FFE00E4BC3E /* Release */,
			);
			defaultConfigurationIsVisible = 0;
			defaultConfigurationName = Release;
		};
		7F33A34025129FFE00E4BC3E /* Build configuration list for PBXNativeTarget "RouteFinderUITests" */ = {
			isa = XCConfigurationList;
			buildConfigurations = (
				7F33A34125129FFE00E4BC3E /* Debug */,
				7F33A34225129FFE00E4BC3E /* Release */,
			);
			defaultConfigurationIsVisible = 0;
			defaultConfigurationName = Release;
		};
/* End XCConfigurationList section */
	};
	rootObject = 7F33A30A25129FF800E4BC3E /* Project object */;
}
